
Microsoft Visual Studio Solution File, Format Version 12.00
# Visual Studio Version 16
VisualStudioVersion = 16.0.33529.622
MinimumVisualStudioVersion = 10.0.40219.1
Project("{2150E333-8FDC-42A3-9474-1A3956D46DE8}") = "00.Labs", "00.Labs", "{4FFC05E1-7C54-4CAF-8127-EC02998F6074}"
	ProjectSection(SolutionItems) = preProject
		00.Labs\Instrucciones.txt = 00.Labs\Instrucciones.txt
	EndProjectSection
EndProject
Project("{2150E333-8FDC-42A3-9474-1A3956D46DE8}") = "AAO", "AAO", "{53605BE0-A38D-49B6-BAD4-34DD3EB135BA}"
	ProjectSection(SolutionItems) = preProject
		C01\Detalles.txt = C01\Detalles.txt
	EndProjectSection
EndProject
Project("{2150E333-8FDC-42A3-9474-1A3956D46DE8}") = "Curso_02", "Curso_02", "{25314E99-A46B-434B-ADF2-25CF75AF9CF1}"
	ProjectSection(SolutionItems) = preProject
		C02\Detalles.txt = C02\Detalles.txt
	EndProjectSection
EndProject
Project("{2150E333-8FDC-42A3-9474-1A3956D46DE8}") = "Curso_03", "Curso_03", "{2E5FD16A-CE22-4B9C-878E-FFB37AF847A9}"
	ProjectSection(SolutionItems) = preProject
		C03\Detalles.txt = C03\Detalles.txt
	EndProjectSection
EndProject
Project("{2150E333-8FDC-42A3-9474-1A3956D46DE8}") = "Curso_04", "Curso_04", "{AD00BB13-E343-45A9-BEC4-A7F300C3A579}"
	ProjectSection(SolutionItems) = preProject
		C04\Detalles.txt = C04\Detalles.txt
	EndProjectSection
EndProject
Project("{2150E333-8FDC-42A3-9474-1A3956D46DE8}") = "Curso_05", "Curso_05", "{853341D8-270B-42EF-BB16-973E0421B70D}"
	ProjectSection(SolutionItems) = preProject
		C05\Detalles.txt = C05\Detalles.txt
	EndProjectSection
EndProject
Project("{2150E333-8FDC-42A3-9474-1A3956D46DE8}") = "Curso_06", "Curso_06", "{AB34B315-B92B-4E70-A636-B73F6F20B8D5}"
	ProjectSection(SolutionItems) = preProject
		C06\Detalles.txt = C06\Detalles.txt
	EndProjectSection
EndProject
Project("{2150E333-8FDC-42A3-9474-1A3956D46DE8}") = "Curso_07", "Curso_07", "{7415C9EC-B59E-404C-9BDE-E779A01AF8AB}"
	ProjectSection(SolutionItems) = preProject
		C07\Detalles.txt = C07\Detalles.txt
	EndProjectSection
EndProject
Project("{2150E333-8FDC-42A3-9474-1A3956D46DE8}") = "Curso_08", "Curso_08", "{ED0BD821-4F23-4224-96B2-3FA27F76342E}"
	ProjectSection(SolutionItems) = preProject
		C08\Detalles.txt = C08\Detalles.txt
	EndProjectSection
EndProject
Project("{2150E333-8FDC-42A3-9474-1A3956D46DE8}") = "Curso_09", "Curso_09", "{3DFF02DF-15C9-4092-9C67-8736BCC8A446}"
	ProjectSection(SolutionItems) = preProject
		C09\Detalles.txt = C09\Detalles.txt
	EndProjectSection
EndProject
Project("{2150E333-8FDC-42A3-9474-1A3956D46DE8}") = "Curso_10", "Curso_10", "{CB692031-FB40-49F2-BF7F-41DA84821D34}"
	ProjectSection(SolutionItems) = preProject
		C10\Detalles.txt = C10\Detalles.txt
	EndProjectSection
EndProject
Project("{2150E333-8FDC-42A3-9474-1A3956D46DE8}") = "Tools", "Tools", "{ECB18D40-37AD-4107-80E7-E8B354F06181}"
	ProjectSection(SolutionItems) = preProject
		00.Labs\Tools\Dynamics 365 Power Pane.txt = 00.Labs\Tools\Dynamics 365 Power Pane.txt
		00.Labs\Tools\Notepad++.txt = 00.Labs\Tools\Notepad++.txt
		00.Labs\Tools\Postman.txt = 00.Labs\Tools\Postman.txt
		00.Labs\Tools\PRT_9.X.zip = 00.Labs\Tools\PRT_9.X.zip
		00.Labs\Tools\XrmToolbox.zip = 00.Labs\Tools\XrmToolbox.zip
	EndProjectSection
EndProject
Project("{2150E333-8FDC-42A3-9474-1A3956D46DE8}") = "WFA", "WFA", "{4423771D-EF75-49DA-AD01-9B505A034CE4}"
EndProject
Project("{2150E333-8FDC-42A3-9474-1A3956D46DE8}") = "Plugins", "Plugins", "{90B11345-5BB4-4EB5-A0B9-3A8F94A01D3E}"
EndProject
Project("{2150E333-8FDC-42A3-9474-1A3956D46DE8}") = "Scripts", "Scripts", "{96868937-A34A-44FC-B267-FD6E6520FB6E}"
EndProject
Project("{2150E333-8FDC-42A3-9474-1A3956D46DE8}") = "D365.Solutions", "D365.Solutions", "{FA44B712-FA82-41F5-9846-2061701AC766}"
EndProject
Project("{FAE04EC0-301F-11D3-BF4B-00C04F79EFBC}") = "Scripts", "C01\Scripts\Scripts.csproj", "{00B37FB4-EE25-4770-857E-69C0BC0B2FA3}"
EndProject
Project("{FAE04EC0-301F-11D3-BF4B-00C04F79EFBC}") = "Plugins", "C01\Plugins\Plugins.csproj", "{D7EAD2BF-9512-4E13-A8B6-C0B3F260003D}"
EndProject
Project("{FAE04EC0-301F-11D3-BF4B-00C04F79EFBC}") = "WFA", "C01\WFA\WFA.csproj", "{38FCA731-E51B-49D3-87CF-F4B2EC1C90C0}"
EndProject
Project("{FAE04EC0-301F-11D3-BF4B-00C04F79EFBC}") = "D365", "C01\D365\D365.csproj", "{54973F20-A5FA-4E4E-884B-A0632C54DF99}"
EndProject
Global
	GlobalSection(SolutionConfigurationPlatforms) = preSolution
		Debug|Any CPU = Debug|Any CPU
		Release|Any CPU = Release|Any CPU
	EndGlobalSection
	GlobalSection(ProjectConfigurationPlatforms) = postSolution
		{00B37FB4-EE25-4770-857E-69C0BC0B2FA3}.Debug|Any CPU.ActiveCfg = Debug|Any CPU
		{00B37FB4-EE25-4770-857E-69C0BC0B2FA3}.Debug|Any CPU.Build.0 = Debug|Any CPU
		{00B37FB4-EE25-4770-857E-69C0BC0B2FA3}.Release|Any CPU.ActiveCfg = Release|Any CPU
		{00B37FB4-EE25-4770-857E-69C0BC0B2FA3}.Release|Any CPU.Build.0 = Release|Any CPU
		{D7EAD2BF-9512-4E13-A8B6-C0B3F260003D}.Debug|Any CPU.ActiveCfg = Debug|Any CPU
		{D7EAD2BF-9512-4E13-A8B6-C0B3F260003D}.Debug|Any CPU.Build.0 = Debug|Any CPU
		{D7EAD2BF-9512-4E13-A8B6-C0B3F260003D}.Release|Any CPU.ActiveCfg = Release|Any CPU
		{D7EAD2BF-9512-4E13-A8B6-C0B3F260003D}.Release|Any CPU.Build.0 = Release|Any CPU
		{38FCA731-E51B-49D3-87CF-F4B2EC1C90C0}.Debug|Any CPU.ActiveCfg = Debug|Any CPU
		{38FCA731-E51B-49D3-87CF-F4B2EC1C90C0}.Debug|Any CPU.Build.0 = Debug|Any CPU
		{38FCA731-E51B-49D3-87CF-F4B2EC1C90C0}.Release|Any CPU.ActiveCfg = Release|Any CPU
		{38FCA731-E51B-49D3-87CF-F4B2EC1C90C0}.Release|Any CPU.Build.0 = Release|Any CPU
		{54973F20-A5FA-4E4E-884B-A0632C54DF99}.Debug|Any CPU.ActiveCfg = Debug|Any CPU
		{54973F20-A5FA-4E4E-884B-A0632C54DF99}.Debug|Any CPU.Build.0 = Debug|Any CPU
		{54973F20-A5FA-4E4E-884B-A0632C54DF99}.Release|Any CPU.ActiveCfg = Release|Any CPU
		{54973F20-A5FA-4E4E-884B-A0632C54DF99}.Release|Any CPU.Build.0 = Release|Any CPU
	EndGlobalSection
	GlobalSection(SolutionProperties) = preSolution
		HideSolutionNode = FALSE
	EndGlobalSection
	GlobalSection(NestedProjects) = preSolution
		{ECB18D40-37AD-4107-80E7-E8B354F06181} = {4FFC05E1-7C54-4CAF-8127-EC02998F6074}
		{4423771D-EF75-49DA-AD01-9B505A034CE4} = {53605BE0-A38D-49B6-BAD4-34DD3EB135BA}
		{90B11345-5BB4-4EB5-A0B9-3A8F94A01D3E} = {53605BE0-A38D-49B6-BAD4-34DD3EB135BA}
		{96868937-A34A-44FC-B267-FD6E6520FB6E} = {53605BE0-A38D-49B6-BAD4-34DD3EB135BA}
		{FA44B712-FA82-41F5-9846-2061701AC766} = {53605BE0-A38D-49B6-BAD4-34DD3EB135BA}
		{00B37FB4-EE25-4770-857E-69C0BC0B2FA3} = {96868937-A34A-44FC-B267-FD6E6520FB6E}
		{D7EAD2BF-9512-4E13-A8B6-C0B3F260003D} = {90B11345-5BB4-4EB5-A0B9-3A8F94A01D3E}
		{38FCA731-E51B-49D3-87CF-F4B2EC1C90C0} = {4423771D-EF75-49DA-AD01-9B505A034CE4}
		{54973F20-A5FA-4E4E-884B-A0632C54DF99} = {FA44B712-FA82-41F5-9846-2061701AC766}
	EndGlobalSection
	GlobalSection(ExtensibilityGlobals) = postSolution
		SolutionGuid = {6B5F72BA-CC1E-4125-95C9-F29E8F325C73}
	EndGlobalSection
EndGlobal
